
Microsoft Visual Studio Solution File, Format Version 12.00
# Visual Studio Version 17
VisualStudioVersion = 17.3.32825.248
MinimumVisualStudioVersion = 10.0.40219.1
Project("{FAE04EC0-301F-11D3-BF4B-00C04F79EFBC}") = "RazorPagesMovie", "RazorPagesMovie.csproj", "{8B0D74C5-B56C-48DF-A1EA-7A367D3D97DF}"
EndProject
Global
	GlobalSection(SolutionConfigurationPlatforms) = preSolution
		Debug|Any CPU = Debug|Any CPU
		Release|Any CPU = Release|Any CPU
	EndGlobalSection
	GlobalSection(ProjectConfigurationPlatforms) = postSolution
		{8B0D74C5-B56C-48DF-A1EA-7A367D3D97DF}.Debug|Any CPU.ActiveCfg = Debug|Any CPU
		{8B0D74C5-B56C-48DF-A1EA-7A367D3D97DF}.Debug|Any CPU.Build.0 = Debug|Any CPU
		{8B0D74C5-B56C-48DF-A1EA-7A367D3D97DF}.Release|Any CPU.ActiveCfg = Release|Any CPU
		{8B0D74C5-B56C-48DF-A1EA-7A367D3D97DF}.Release|Any CPU.Build.0 = Release|Any CPU
	EndGlobalSection
	GlobalSection(SolutionProperties) = preSolution
		HideSolutionNode = FALSE
	EndGlobalSection
	GlobalSection(ExtensibilityGlobals) = postSolution
		SolutionGuid = {D78E7910-0167-4BE4-ADF9-C0DC908C8DBE}
	EndGlobalSection
EndGlobal
